// !$*UTF8*$!
{
	archiveVersion = 1;
	classes = {
	};
	objectVersion = 46;
	objects = {

/* Begin PBXBuildFile section */
		CE4F7AA719667B4C004DD370 /* socialsharing-facebook-image.jpg in Resources */ = {isa = PBXBuildFile; fileRef = CE4F7AA619667B4C004DD370 /* socialsharing-facebook-image.jpg */; };
		CEC1B694193CE4D1007451DC /* Foundation.framework in Frameworks */ = {isa = PBXBuildFile; fileRef = CEC1B693193CE4D1007451DC /* Foundation.framework */; };
		CEC1B696193CE4D1007451DC /* CoreGraphics.framework in Frameworks */ = {isa = PBXBuildFile; fileRef = CEC1B695193CE4D1007451DC /* CoreGraphics.framework */; };
		CEC1B698193CE4D1007451DC /* UIKit.framework in Frameworks */ = {isa = PBXBuildFile; fileRef = CEC1B697193CE4D1007451DC /* UIKit.framework */; };
		CEC1B69E193CE4D1007451DC /* InfoPlist.strings in Resources */ = {isa = PBXBuildFile; fileRef = CEC1B69C193CE4D1007451DC /* InfoPlist.strings */; };
		CEC1B6A0193CE4D1007451DC /* main.m in Sources */ = {isa = PBXBuildFile; fileRef = CEC1B69F193CE4D1007451DC /* main.m */; };
		CEC1B6A4193CE4D1007451DC /* SocialSharingAppDelegate.m in Sources */ = {isa = PBXBuildFile; fileRef = CEC1B6A3193CE4D1007451DC /* SocialSharingAppDelegate.m */; };
		CEC1B6A7193CE4D1007451DC /* Main.storyboard in Resources */ = {isa = PBXBuildFile; fileRef = CEC1B6A5193CE4D1007451DC /* Main.storyboard */; };
		CEC1B6AA193CE4D1007451DC /* SocialSharingViewController.m in Sources */ = {isa = PBXBuildFile; fileRef = CEC1B6A9193CE4D1007451DC /* SocialSharingViewController.m */; };
		CEC1B6AC193CE4D1007451DC /* Images.xcassets in Resources */ = {isa = PBXBuildFile; fileRef = CEC1B6AB193CE4D1007451DC /* Images.xcassets */; };
		CEC1B6B3193CE4D1007451DC /* XCTest.framework in Frameworks */ = {isa = PBXBuildFile; fileRef = CEC1B6B2193CE4D1007451DC /* XCTest.framework */; };
		CEC1B6B4193CE4D1007451DC /* Foundation.framework in Frameworks */ = {isa = PBXBuildFile; fileRef = CEC1B693193CE4D1007451DC /* Foundation.framework */; };
		CEC1B6B5193CE4D1007451DC /* UIKit.framework in Frameworks */ = {isa = PBXBuildFile; fileRef = CEC1B697193CE4D1007451DC /* UIKit.framework */; };
		CEC1B6BD193CE4D1007451DC /* InfoPlist.strings in Resources */ = {isa = PBXBuildFile; fileRef = CEC1B6BB193CE4D1007451DC /* InfoPlist.strings */; };
		CEC1B6BF193CE4D1007451DC /* SocialSharingTests.m in Sources */ = {isa = PBXBuildFile; fileRef = CEC1B6BE193CE4D1007451DC /* SocialSharingTests.m */; };
		CEC1B6C9193CEF7B007451DC /* Social.framework in Frameworks */ = {isa = PBXBuildFile; fileRef = CEC1B6C8193CEF7B007451DC /* Social.framework */; };
/* End PBXBuildFile section */

/* Begin PBXContainerItemProxy section */
		CEC1B6B6193CE4D1007451DC /* PBXContainerItemProxy */ = {
			isa = PBXContainerItemProxy;
			containerPortal = CEC1B688193CE4D1007451DC /* Project object */;
			proxyType = 1;
			remoteGlobalIDString = CEC1B68F193CE4D1007451DC;
			remoteInfo = SocialSharing;
		};
/* End PBXContainerItemProxy section */

/* Begin PBXFileReference section */
		CE4F7AA619667B4C004DD370 /* socialsharing-facebook-image.jpg */ = {isa = PBXFileReference; lastKnownFileType = image.jpeg; name = "socialsharing-facebook-image.jpg"; path = "../../socialsharing-facebook-image.jpg"; sourceTree = "<group>"; };
		CEC1B690193CE4D1007451DC /* SocialSharing.app */ = {isa = PBXFileReference; explicitFileType = wrapper.application; includeInIndex = 0; path = SocialSharing.app; sourceTree = BUILT_PRODUCTS_DIR; };
		CEC1B693193CE4D1007451DC /* Foundation.framework */ = {isa = PBXFileReference; lastKnownFileType = wrapper.framework; name = Foundation.framework; path = System/Library/Frameworks/Foundation.framework; sourceTree = SDKROOT; };
		CEC1B695193CE4D1007451DC /* CoreGraphics.framework */ = {isa = PBXFileReference; lastKnownFileType = wrapper.framework; name = CoreGraphics.framework; path = System/Library/Frameworks/CoreGraphics.framework; sourceTree = SDKROOT; };
		CEC1B697193CE4D1007451DC /* UIKit.framework */ = {isa = PBXFileReference; lastKnownFileType = wrapper.framework; name = UIKit.framework; path = System/Library/Frameworks/UIKit.framework; sourceTree = SDKROOT; };
		CEC1B69B193CE4D1007451DC /* SocialSharing-Info.plist */ = {isa = PBXFileReference; lastKnownFileType = text.plist.xml; path = "SocialSharing-Info.plist"; sourceTree = "<group>"; };
		CEC1B69D193CE4D1007451DC /* en */ = {isa = PBXFileReference; lastKnownFileType = text.plist.strings; name = en; path = en.lproj/InfoPlist.strings; sourceTree = "<group>"; };
		CEC1B69F193CE4D1007451DC /* main.m */ = {isa = PBXFileReference; lastKnownFileType = sourcecode.c.objc; path = main.m; sourceTree = "<group>"; };
		CEC1B6A1193CE4D1007451DC /* SocialSharing-Prefix.pch */ = {isa = PBXFileReference; lastKnownFileType = sourcecode.c.h; path = "SocialSharing-Prefix.pch"; sourceTree = "<group>"; };
		CEC1B6A2193CE4D1007451DC /* SocialSharingAppDelegate.h */ = {isa = PBXFileReference; lastKnownFileType = sourcecode.c.h; path = SocialSharingAppDelegate.h; sourceTree = "<group>"; };
		CEC1B6A3193CE4D1007451DC /* SocialSharingAppDelegate.m */ = {isa = PBXFileReference; lastKnownFileType = sourcecode.c.objc; path = SocialSharingAppDelegate.m; sourceTree = "<group>"; };
		CEC1B6A6193CE4D1007451DC /* Base */ = {isa = PBXFileReference; lastKnownFileType = file.storyboard; name = Base; path = Base.lproj/Main.storyboard; sourceTree = "<group>"; };
		CEC1B6A8193CE4D1007451DC /* SocialSharingViewController.h */ = {isa = PBXFileReference; lastKnownFileType = sourcecode.c.h; path = SocialSharingViewController.h; sourceTree = "<group>"; };
		CEC1B6A9193CE4D1007451DC /* SocialSharingViewController.m */ = {isa = PBXFileReference; lastKnownFileType = sourcecode.c.objc; path = SocialSharingViewController.m; sourceTree = "<group>"; };
		CEC1B6AB193CE4D1007451DC /* Images.xcassets */ = {isa = PBXFileReference; lastKnownFileType = folder.assetcatalog; path = Images.xcassets; sourceTree = "<group>"; };
		CEC1B6B1193CE4D1007451DC /* SocialSharingTests.xctest */ = {isa = PBXFileReference; explicitFileType = wrapper.cfbundle; includeInIndex = 0; path = SocialSharingTests.xctest; sourceTree = BUILT_PRODUCTS_DIR; };
		CEC1B6B2193CE4D1007451DC /* XCTest.framework */ = {isa = PBXFileReference; lastKnownFileType = wrapper.framework; name = XCTest.framework; path = Library/Frameworks/XCTest.framework; sourceTree = DEVELOPER_DIR; };
		CEC1B6BA193CE4D1007451DC /* SocialSharingTests-Info.plist */ = {isa = PBXFileReference; lastKnownFileType = text.plist.xml; path = "SocialSharingTests-Info.plist"; sourceTree = "<group>"; };
		CEC1B6BC193CE4D1007451DC /* en */ = {isa = PBXFileReference; lastKnownFileType = text.plist.strings; name = en; path = en.lproj/InfoPlist.strings; sourceTree = "<group>"; };
		CEC1B6BE193CE4D1007451DC /* SocialSharingTests.m */ = {isa = PBXFileReference; lastKnownFileType = sourcecode.c.objc; path = SocialSharingTests.m; sourceTree = "<group>"; };
		CEC1B6C8193CEF7B007451DC /* Social.framework */ = {isa = PBXFileReference; lastKnownFileType = wrapper.framework; name = Social.framework; path = System/Library/Frameworks/Social.framework; sourceTree = SDKROOT; };
/* End PBXFileReference section */

/* Begin PBXFrameworksBuildPhase section */
		CEC1B68D193CE4D1007451DC /* Frameworks */ = {
			isa = PBXFrameworksBuildPhase;
			buildActionMask = 2147483647;
			files = (
				CEC1B6C9193CEF7B007451DC /* Social.framework in Frameworks */,
				CEC1B696193CE4D1007451DC /* CoreGraphics.framework in Frameworks */,
				CEC1B698193CE4D1007451DC /* UIKit.framework in Frameworks */,
				CEC1B694193CE4D1007451DC /* Foundation.framework in Frameworks */,
			);
			runOnlyForDeploymentPostprocessing = 0;
		};
		CEC1B6AE193CE4D1007451DC /* Frameworks */ = {
			isa = PBXFrameworksBuildPhase;
			buildActionMask = 2147483647;
			files = (
				CEC1B6B3193CE4D1007451DC /* XCTest.framework in Frameworks */,
				CEC1B6B5193CE4D1007451DC /* UIKit.framework in Frameworks */,
				CEC1B6B4193CE4D1007451DC /* Foundation.framework in Frameworks */,
			);
			runOnlyForDeploymentPostprocessing = 0;
		};
/* End PBXFrameworksBuildPhase section */

/* Begin PBXGroup section */
		CEC1B687193CE4D1007451DC = {
			isa = PBXGroup;
			children = (
				CEC1B699193CE4D1007451DC /* SocialSharing */,
				CEC1B6B8193CE4D1007451DC /* SocialSharingTests */,
				CEC1B692193CE4D1007451DC /* Frameworks */,
				CEC1B691193CE4D1007451DC /* Products */,
			);
			sourceTree = "<group>";
		};
		CEC1B691193CE4D1007451DC /* Products */ = {
			isa = PBXGroup;
			children = (
				CEC1B690193CE4D1007451DC /* SocialSharing.app */,
				CEC1B6B1193CE4D1007451DC /* SocialSharingTests.xctest */,
			);
			name = Products;
			sourceTree = "<group>";
		};
		CEC1B692193CE4D1007451DC /* Frameworks */ = {
			isa = PBXGroup;
			children = (
				CEC1B6C8193CEF7B007451DC /* Social.framework */,
				CEC1B693193CE4D1007451DC /* Foundation.framework */,
				CEC1B695193CE4D1007451DC /* CoreGraphics.framework */,
				CEC1B697193CE4D1007451DC /* UIKit.framework */,
				CEC1B6B2193CE4D1007451DC /* XCTest.framework */,
			);
			name = Frameworks;
			sourceTree = "<group>";
		};
		CEC1B699193CE4D1007451DC /* SocialSharing */ = {
			isa = PBXGroup;
			children = (
				CEC1B6A2193CE4D1007451DC /* SocialSharingAppDelegate.h */,
				CEC1B6A3193CE4D1007451DC /* SocialSharingAppDelegate.m */,
				CEC1B6A5193CE4D1007451DC /* Main.storyboard */,
				CEC1B6A8193CE4D1007451DC /* SocialSharingViewController.h */,
				CEC1B6A9193CE4D1007451DC /* SocialSharingViewController.m */,
				CEC1B6AB193CE4D1007451DC /* Images.xcassets */,
				CEC1B69A193CE4D1007451DC /* Supporting Files */,
			);
			path = SocialSharing;
			sourceTree = "<group>";
		};
		CEC1B69A193CE4D1007451DC /* Supporting Files */ = {
			isa = PBXGroup;
			children = (
				CEC1B69B193CE4D1007451DC /* SocialSharing-Info.plist */,
				CEC1B69C193CE4D1007451DC /* InfoPlist.strings */,
				CEC1B69F193CE4D1007451DC /* main.m */,
				CEC1B6A1193CE4D1007451DC /* SocialSharing-Prefix.pch */,
			);
			name = "Supporting Files";
			sourceTree = "<group>";
		};
		CEC1B6B8193CE4D1007451DC /* SocialSharingTests */ = {
			isa = PBXGroup;
			children = (
				CEC1B6BE193CE4D1007451DC /* SocialSharingTests.m */,
				CEC1B6B9193CE4D1007451DC /* Supporting Files */,
			);
			path = SocialSharingTests;
			sourceTree = "<group>";
		};
		CEC1B6B9193CE4D1007451DC /* Supporting Files */ = {
			isa = PBXGroup;
			children = (
				CEC1B6BA193CE4D1007451DC /* SocialSharingTests-Info.plist */,
				CE4F7AA619667B4C004DD370 /* socialsharing-facebook-image.jpg */,
				CEC1B6BB193CE4D1007451DC /* InfoPlist.strings */,
			);
			name = "Supporting Files";
			sourceTree = "<group>";
		};
/* End PBXGroup section */

/* Begin PBXNativeTarget section */
		CEC1B68F193CE4D1007451DC /* SocialSharing */ = {
			isa = PBXNativeTarget;
			buildConfigurationList = CEC1B6C2193CE4D1007451DC /* Build configuration list for PBXNativeTarget "SocialSharing" */;
			buildPhases = (
				CEC1B68C193CE4D1007451DC /* Sources */,
				CEC1B68D193CE4D1007451DC /* Frameworks */,
				CEC1B68E193CE4D1007451DC /* Resources */,
			);
			buildRules = (
			);
			dependencies = (
			);
			name = SocialSharing;
			productName = SocialSharing;
			productReference = CEC1B690193CE4D1007451DC /* SocialSharing.app */;
			productType = "com.apple.product-type.application";
		};
		CEC1B6B0193CE4D1007451DC /* SocialSharingTests */ = {
			isa = PBXNativeTarget;
			buildConfigurationList = CEC1B6C5193CE4D1007451DC /* Build configuration list for PBXNativeTarget "SocialSharingTests" */;
			buildPhases = (
				CEC1B6AD193CE4D1007451DC /* Sources */,
				CEC1B6AE193CE4D1007451DC /* Frameworks */,
				CEC1B6AF193CE4D1007451DC /* Resources */,
			);
			buildRules = (
			);
			dependencies = (
				CEC1B6B7193CE4D1007451DC /* PBXTargetDependency */,
			);
			name = SocialSharingTests;
			productName = SocialSharingTests;
			productReference = CEC1B6B1193CE4D1007451DC /* SocialSharingTests.xctest */;
			productType = "com.apple.product-type.bundle.unit-test";
		};
/* End PBXNativeTarget section */

/* Begin PBXProject section */
		CEC1B688193CE4D1007451DC /* Project object */ = {
			isa = PBXProject;
			attributes = {
				CLASSPREFIX = SocialSharing;
				LastUpgradeCheck = 0510;
				ORGANIZATIONNAME = "___FULLUSERNAME___";
				TargetAttributes = {
					CEC1B6B0193CE4D1007451DC = {
						TestTargetID = CEC1B68F193CE4D1007451DC;
					};
				};
			};
			buildConfigurationList = CEC1B68B193CE4D1007451DC /* Build configuration list for PBXProject "SocialSharing" */;
			compatibilityVersion = "Xcode 3.2";
			developmentRegion = English;
			hasScannedForEncodings = 0;
			knownRegions = (
				en,
				Base,
			);
			mainGroup = CEC1B687193CE4D1007451DC;
			productRefGroup = CEC1B691193CE4D1007451DC /* Products */;
			projectDirPath = "";
			projectRoot = "";
			targets = (
				CEC1B68F193CE4D1007451DC /* SocialSharing */,
				CEC1B6B0193CE4D1007451DC /* SocialSharingTests */,
			);
		};
/* End PBXProject section */

/* Begin PBXResourcesBuildPhase section */
		CEC1B68E193CE4D1007451DC /* Resources */ = {
			isa = PBXResourcesBuildPhase;
			buildActionMask = 2147483647;
			files = (
				CEC1B6AC193CE4D1007451DC /* Images.xcassets in Resources */,
				CEC1B69E193CE4D1007451DC /* InfoPlist.strings in Resources */,
				CEC1B6A7193CE4D1007451DC /* Main.storyboard in Resources */,
			);
			runOnlyForDeploymentPostprocessing = 0;
		};
		CEC1B6AF193CE4D1007451DC /* Resources */ = {
			isa = PBXResourcesBuildPhase;
			buildActionMask = 2147483647;
			files = (
				CE4F7AA719667B4C004DD370 /* socialsharing-facebook-image.jpg in Resources */,
				CEC1B6BD193CE4D1007451DC /* InfoPlist.strings in Resources */,
			);
			runOnlyForDeploymentPostprocessing = 0;
		};
/* End PBXResourcesBuildPhase section */

/* Begin PBXSourcesBuildPhase section */
		CEC1B68C193CE4D1007451DC /* Sources */ = {
			isa = PBXSourcesBuildPhase;
			buildActionMask = 2147483647;
			files = (
				CEC1B6A4193CE4D1007451DC /* SocialSharingAppDelegate.m in Sources */,
				CEC1B6A0193CE4D1007451DC /* main.m in Sources */,
				CEC1B6AA193CE4D1007451DC /* SocialSharingViewController.m in Sources */,
			);
			runOnlyForDeploymentPostprocessing = 0;
		};
		CEC1B6AD193CE4D1007451DC /* Sources */ = {
			isa = PBXSourcesBuildPhase;
			buildActionMask = 2147483647;
			files = (
				CEC1B6BF193CE4D1007451DC /* SocialSharingTests.m in Sources */,
			);
			runOnlyForDeploymentPostprocessing = 0;
		};
/* End PBXSourcesBuildPhase section */

/* Begin PBXTargetDependency section */
		CEC1B6B7193CE4D1007451DC /* PBXTargetDependency */ = {
			isa = PBXTargetDependency;
			target = CEC1B68F193CE4D1007451DC /* SocialSharing */;
			targetProxy = CEC1B6B6193CE4D1007451DC /* PBXContainerItemProxy */;
		};
/* End PBXTargetDependency section */

/* Begin PBXVariantGroup section */
		CEC1B69C193CE4D1007451DC /* InfoPlist.strings */ = {
			isa = PBXVariantGroup;
			children = (
				CEC1B69D193CE4D1007451DC /* en */,
			);
			name = InfoPlist.strings;
			sourceTree = "<group>";
		};
		CEC1B6A5193CE4D1007451DC /* Main.storyboard */ = {
			isa = PBXVariantGroup;
			children = (
				CEC1B6A6193CE4D1007451DC /* Base */,
			);
			name = Main.storyboard;
			sourceTree = "<group>";
		};
		CEC1B6BB193CE4D1007451DC /* InfoPlist.strings */ = {
			isa = PBXVariantGroup;
			children = (
				CEC1B6BC193CE4D1007451DC /* en */,
			);
			name = InfoPlist.strings;
			sourceTree = "<group>";
		};
/* End PBXVariantGroup section */

/* Begin XCBuildConfiguration section */
		CEC1B6C0193CE4D1007451DC /* Debug */ = {
			isa = XCBuildConfiguration;
			buildSettings = {
				ALWAYS_SEARCH_USER_PATHS = NO;
				CLANG_CXX_LANGUAGE_STANDARD = "gnu++0x";
				CLANG_CXX_LIBRARY = "libc++";
				CLANG_ENABLE_MODULES = YES;
				CLANG_ENABLE_OBJC_ARC = YES;
				CLANG_WARN_BOOL_CONVERSION = YES;
				CLANG_WARN_CONSTANT_CONVERSION = YES;
				CLANG_WARN_DIRECT_OBJC_ISA_USAGE = YES_ERROR;
				CLANG_WARN_EMPTY_BODY = YES;
				CLANG_WARN_ENUM_CONVERSION = YES;
				CLANG_WARN_INT_CONVERSION = YES;
				CLANG_WARN_OBJC_ROOT_CLASS = YES_ERROR;
				CLANG_WARN__DUPLICATE_METHOD_MATCH = YES;
				"CODE_SIGN_IDENTITY[sdk=iphoneos*]" = "iPhone Developer";
				COPY_PHASE_STRIP = NO;
				GCC_C_LANGUAGE_STANDARD = gnu99;
				GCC_DYNAMIC_NO_PIC = NO;
				GCC_OPTIMIZATION_LEVEL = 0;
				GCC_PREPROCESSOR_DEFINITIONS = (
					"DEBUG=1",
					"$(inherited)",
				);
				GCC_SYMBOLS_PRIVATE_EXTERN = NO;
				GCC_WARN_64_TO_32_BIT_CONVERSION = YES;
				GCC_WARN_ABOUT_RETURN_TYPE = YES_ERROR;
				GCC_WARN_UNDECLARED_SELECTOR = YES;
				GCC_WARN_UNINITIALIZED_AUTOS = YES_AGGRESSIVE;
				GCC_WARN_UNUSED_FUNCTION = YES;
				GCC_WARN_UNUSED_VARIABLE = YES;
				IPHONEOS_DEPLOYMENT_TARGET = 7.1;
				ONLY_ACTIVE_ARCH = YES;
				SDKROOT = iphoneos;
			};
			name = Debug;
		};
		CEC1B6C1193CE4D1007451DC /* Release */ = {
			isa = XCBuildConfiguration;
			buildSettings = {
				ALWAYS_SEARCH_USER_PATHS = NO;
				CLANG_CXX_LANGUAGE_STANDARD = "gnu++0x";
				CLANG_CXX_LIBRARY = "libc++";
				CLANG_ENABLE_MODULES = YES;
				CLANG_ENABLE_OBJC_ARC = YES;
				CLANG_WARN_BOOL_CONVERSION = YES;
				CLANG_WARN_CONSTANT_CONVERSION = YES;
				CLANG_WARN_DIRECT_OBJC_ISA_USAGE = YES_ERROR;
				CLANG_WARN_EMPTY_BODY = YES;
				CLANG_WARN_ENUM_CONVERSION = YES;
				CLANG_WARN_INT_CONVERSION = YES;
				CLANG_WARN_OBJC_ROOT_CLASS = YES_ERROR;
				CLANG_WARN__DUPLICATE_METHOD_MATCH = YES;
				"CODE_SIGN_IDENTITY[sdk=iphoneos*]" = "iPhone Developer";
				COPY_PHASE_STRIP = YES;
				ENABLE_NS_ASSERTIONS = NO;
				GCC_C_LANGUAGE_STANDARD = gnu99;
				GCC_WARN_64_TO_32_BIT_CONVERSION = YES;
				GCC_WARN_ABOUT_RETURN_TYPE = YES_ERROR;
				GCC_WARN_UNDECLARED_SELECTOR = YES;
				GCC_WARN_UNINITIALIZED_AUTOS = YES_AGGRESSIVE;
				GCC_WARN_UNUSED_FUNCTION = YES;
				GCC_WARN_UNUSED_VARIABLE = YES;
				IPHONEOS_DEPLOYMENT_TARGET = 7.1;
				SDKROOT = iphoneos;
				VALIDATE_PRODUCT = YES;
			};
			name = Release;
		};
		CEC1B6C3193CE4D1007451DC /* Debug */ = {
			isa = XCBuildConfiguration;
			buildSettings = {
				ASSETCATALOG_COMPILER_APPICON_NAME = AppIcon;
				ASSETCATALOG_COMPILER_LAUNCHIMAGE_NAME = LaunchImage;
				GCC_PRECOMPILE_PREFIX_HEADER = YES;
				GCC_PREFIX_HEADER = "SocialSharing/SocialSharing-Prefix.pch";
				INFOPLIST_FILE = "SocialSharing/SocialSharing-Info.plist";
				PRODUCT_NAME = "$(TARGET_NAME)";
				WRAPPER_EXTENSION = app;
			};
			name = Debug;
		};
		CEC1B6C4193CE4D1007451DC /* Release */ = {
			isa = XCBuildConfiguration;
			buildSettings = {
				ASSETCATALOG_COMPILER_APPICON_NAME = AppIcon;
				ASSETCATALOG_COMPILER_LAUNCHIMAGE_NAME = LaunchImage;
				GCC_PRECOMPILE_PREFIX_HEADER = YES;
				GCC_PREFIX_HEADER = "SocialSharing/SocialSharing-Prefix.pch";
				INFOPLIST_FILE = "SocialSharing/SocialSharing-Info.plist";
				PRODUCT_NAME = "$(TARGET_NAME)";
				WRAPPER_EXTENSION = app;
			};
			name = Release;
		};
		CEC1B6C6193CE4D1007451DC /* Debug */ = {
			isa = XCBuildConfiguration;
			buildSettings = {
				BUNDLE_LOADER = "$(BUILT_PRODUCTS_DIR)/SocialSharing.app/SocialSharing";
				FRAMEWORK_SEARCH_PATHS = (
					"$(SDKROOT)/Developer/Library/Frameworks",
					"$(inherited)",
					"$(DEVELOPER_FRAMEWORKS_DIR)",
				);
				GCC_PRECOMPILE_PREFIX_HEADER = YES;
				GCC_PREFIX_HEADER = "SocialSharing/SocialSharing-Prefix.pch";
				GCC_PREPROCESSOR_DEFINITIONS = (
					"DEBUG=1",
					"$(inherited)",
				);
				INFOPLIST_FILE = "SocialSharingTests/SocialSharingTests-Info.plist";
				PRODUCT_NAME = "$(TARGET_NAME)";
				TEST_HOST = "$(BUNDLE_LOADER)";
				WRAPPER_EXTENSION = xctest;
			};
			name = Debug;
		};
		CEC1B6C7193CE4D1007451DC /* Release */ = {
			isa = XCBuildConfiguration;
			buildSettings = {
				BUNDLE_LOADER = "$(BUILT_PRODUCTS_DIR)/SocialSharing.app/SocialSharing";
				FRAMEWORK_SEARCH_PATHS = (
					"$(SDKROOT)/Developer/Library/Frameworks",
					"$(inherited)",
					"$(DEVELOPER_FRAMEWORKS_DIR)",
				);
				GCC_PRECOMPILE_PREFIX_HEADER = YES;
				GCC_PREFIX_HEADER = "SocialSharing/SocialSharing-Prefix.pch";
				INFOPLIST_FILE = "SocialSharingTests/SocialSharingTests-Info.plist";
				PRODUCT_NAME = "$(TARGET_NAME)";
				TEST_HOST = "$(BUNDLE_LOADER)";
				WRAPPER_EXTENSION = xctest;
			};
			name = Release;
		};
/* End XCBuildConfiguration section */

/* Begin XCConfigurationList section */
		CEC1B68B193CE4D1007451DC /* Build configuration list for PBXProject "SocialSharing" */ = {
			isa = XCConfigurationList;
			buildConfigurations = (
				CEC1B6C0193CE4D1007451DC /* Debug */,
				CEC1B6C1193CE4D1007451DC /* Release */,
			);
			defaultConfigurationIsVisible = 0;
			defaultConfigurationName = Release;
		};
		CEC1B6C2193CE4D1007451DC /* Build configuration list for PBXNativeTarget "SocialSharing" */ = {
			isa = XCConfigurationList;
			buildConfigurations = (
				CEC1B6C3193CE4D1007451DC /* Debug */,
				CEC1B6C4193CE4D1007451DC /* Release */,
			);
			defaultConfigurationIsVisible = 0;
			defaultConfigurationName = Release;
		};
		CEC1B6C5193CE4D1007451DC /* Build configuration list for PBXNativeTarget "SocialSharingTests" */ = {
			isa = XCConfigurationList;
			buildConfigurations = (
				CEC1B6C6193CE4D1007451DC /* Debug */,
				CEC1B6C7193CE4D1007451DC /* Release */,
			);
			defaultConfigurationIsVisible = 0;
			defaultConfigurationName = Release;
		};
/* End XCConfigurationList section */
	};
	rootObject = CEC1B688193CE4D1007451DC /* Project object */;
}
